
Microsoft Visual Studio Solution File, Format Version 12.00
# Visual Studio Version 17
VisualStudioVersion = 17.8.34316.72
MinimumVisualStudioVersion = 10.0.40219.1
Project("{FAE04EC0-301F-11D3-BF4B-00C04F79EFBC}") = "amount of time for binary tree to be infected", "amount of time for binary tree to be infected\amount of time for binary tree to be infected.csproj", "{51B9104F-26E2-4A3B-B526-6C0BAEAB833D}"
EndProject
Global
	GlobalSection(SolutionConfigurationPlatforms) = preSolution
		Debug|Any CPU = Debug|Any CPU
		Release|Any CPU = Release|Any CPU
	EndGlobalSection
	GlobalSection(ProjectConfigurationPlatforms) = postSolution
		{51B9104F-26E2-4A3B-B526-6C0BAEAB833D}.Debug|Any CPU.ActiveCfg = Debug|Any CPU
		{51B9104F-26E2-4A3B-B526-6C0BAEAB833D}.Debug|Any CPU.Build.0 = Debug|Any CPU
		{51B9104F-26E2-4A3B-B526-6C0BAEAB833D}.Release|Any CPU.ActiveCfg = Release|Any CPU
		{51B9104F-26E2-4A3B-B526-6C0BAEAB833D}.Release|Any CPU.Build.0 = Release|Any CPU
	EndGlobalSection
	GlobalSection(SolutionProperties) = preSolution
		HideSolutionNode = FALSE
	EndGlobalSection
	GlobalSection(ExtensibilityGlobals) = postSolution
		SolutionGuid = {3903DF18-02A0-4F62-A395-D828EC57B7AA}
	EndGlobalSection
EndGlobal
